
Microsoft Visual Studio Solution File, Format Version 12.00
# Visual Studio Version 16
VisualStudioVersion = 16.0.30320.27
MinimumVisualStudioVersion = 10.0.40219.1
Project("{8BC9CEB8-8B4A-11D0-8D11-00A0C91BC942}") = "EjemploClases", "EjemploClases\EjemploClases.vcxproj", "{16D4F5EE-1F05-4B68-AEE5-9FD93030458B}"
EndProject
Project("{8BC9CEB8-8B4A-11D0-8D11-00A0C91BC942}") = "EjemploRacional", "EjemploRacional\EjemploRacional.vcxproj", "{892E20A5-024A-4E78-93FE-B47EFA629310}"
EndProject
Project("{8BC9CEB8-8B4A-11D0-8D11-00A0C91BC942}") = "EjercicioCadenas", "EjercicioCadenas\EjercicioCadenas.vcxproj", "{6B2FF8D5-457D-4B67-81E6-8C99E4458033}"
EndProject
Project("{8BC9CEB8-8B4A-11D0-8D11-00A0C91BC942}") = "Actividad1", "Actividad1\Actividad1.vcxproj", "{648997FF-275E-4569-85DB-0A354080A454}"
EndProject
Project("{2150E333-8FDC-42A3-9474-1A3956D46DE8}") = "Semana 1", "Semana 1", "{1D004C30-7D1B-40B8-B96B-92D6C7EE3376}"
EndProject
Project("{2150E333-8FDC-42A3-9474-1A3956D46DE8}") = "Semana 2", "Semana 2", "{386E7CC4-B3BE-4BB0-965F-0C66E2478A6E}"
EndProject
Project("{2150E333-8FDC-42A3-9474-1A3956D46DE8}") = "Tareas", "Tareas", "{BF14CE10-422E-4308-A3F6-60C1CA6DE634}"
EndProject
Project("{2150E333-8FDC-42A3-9474-1A3956D46DE8}") = "Semana 3", "Semana 3", "{C98584A1-9083-433B-B4EB-ED5FDD4478B7}"
EndProject
Project("{8BC9CEB8-8B4A-11D0-8D11-00A0C91BC942}") = "EjercicioSobrecargaByte", "EjercicioSobrecargaByte\EjercicioSobrecargaByte.vcxproj", "{39A5D1F9-1C92-4328-8EFB-C150F042D5E6}"
EndProject
Project("{8BC9CEB8-8B4A-11D0-8D11-00A0C91BC942}") = "EjercicioEnteroGrande", "EjercicioEnteroGrande\EjercicioEnteroGrande.vcxproj", "{9E938BB4-EB90-4CD3-A715-49B6E3DC4FAA}"
EndProject
Project("{2150E333-8FDC-42A3-9474-1A3956D46DE8}") = "Semana 4", "Semana 4", "{143181E1-3B2B-4100-A358-BE7290AF4540}"
EndProject
Project("{8BC9CEB8-8B4A-11D0-8D11-00A0C91BC942}") = "EjemploHerencia", "EjemploHerencia\EjemploHerencia.vcxproj", "{856B3980-840B-44B3-919D-9339F9DEC29F}"
EndProject
Project("{8BC9CEB8-8B4A-11D0-8D11-00A0C91BC942}") = "EjemploPolimorfismo", "EjemploPolimorfismo\EjemploPolimorfismo.vcxproj", "{8B942A37-BFFC-488F-A15B-6AD4D523797B}"
EndProject
Project("{2150E333-8FDC-42A3-9474-1A3956D46DE8}") = "Examen 1", "Examen 1", "{E868E49F-0B6E-4A83-B9AB-48582880A835}"
EndProject
Project("{8BC9CEB8-8B4A-11D0-8D11-00A0C91BC942}") = "Examen 1", "Examen 1\Examen 1.vcxproj", "{5250B44C-7D43-4161-822F-CC2F0503B7F1}"
EndProject
Project("{8BC9CEB8-8B4A-11D0-8D11-00A0C91BC942}") = "Cuenta", "Cuenta\Cuenta.vcxproj", "{81B55466-81CC-4C74-90EB-02A864088DD1}"
EndProject
Project("{2150E333-8FDC-42A3-9474-1A3956D46DE8}") = "Lab. Programacion", "Lab. Programacion", "{8B525AAD-8423-4EC2-A431-CA460EB0A314}"
EndProject
Project("{8BC9CEB8-8B4A-11D0-8D11-00A0C91BC942}") = "Examen 1 - Lab", "Examen 1 - Lab\Examen 1 - Lab.vcxproj", "{C850CA8F-0828-4B57-AEAE-75008752FFA9}"
EndProject
Project("{2150E333-8FDC-42A3-9474-1A3956D46DE8}") = "Semana 6", "Semana 6", "{1E153EA1-AFF1-4CA0-8296-FEB7533D2538}"
EndProject
Project("{8BC9CEB8-8B4A-11D0-8D11-00A0C91BC942}") = "Apuntadores", "Apuntadores\Apuntadores.vcxproj", "{3538F990-566D-4E52-A032-8A238992A7A5}"
EndProject
Project("{8BC9CEB8-8B4A-11D0-8D11-00A0C91BC942}") = "ListaSimple", "ListaSimple\ListaSimple.vcxproj", "{A25F62ED-0F41-4D40-AD04-5D8774D09356}"
EndProject
Global
	GlobalSection(SolutionConfigurationPlatforms) = preSolution
		Debug|x64 = Debug|x64
		Debug|x86 = Debug|x86
		Release|x64 = Release|x64
		Release|x86 = Release|x86
	EndGlobalSection
	GlobalSection(ProjectConfigurationPlatforms) = postSolution
		{16D4F5EE-1F05-4B68-AEE5-9FD93030458B}.Debug|x64.ActiveCfg = Debug|x64
		{16D4F5EE-1F05-4B68-AEE5-9FD93030458B}.Debug|x64.Build.0 = Debug|x64
		{16D4F5EE-1F05-4B68-AEE5-9FD93030458B}.Debug|x86.ActiveCfg = Debug|Win32
		{16D4F5EE-1F05-4B68-AEE5-9FD93030458B}.Debug|x86.Build.0 = Debug|Win32
		{16D4F5EE-1F05-4B68-AEE5-9FD93030458B}.Release|x64.ActiveCfg = Release|x64
		{16D4F5EE-1F05-4B68-AEE5-9FD93030458B}.Release|x64.Build.0 = Release|x64
		{16D4F5EE-1F05-4B68-AEE5-9FD93030458B}.Release|x86.ActiveCfg = Release|Win32
		{16D4F5EE-1F05-4B68-AEE5-9FD93030458B}.Release|x86.Build.0 = Release|Win32
		{892E20A5-024A-4E78-93FE-B47EFA629310}.Debug|x64.ActiveCfg = Debug|x64
		{892E20A5-024A-4E78-93FE-B47EFA629310}.Debug|x64.Build.0 = Debug|x64
		{892E20A5-024A-4E78-93FE-B47EFA629310}.Debug|x86.ActiveCfg = Debug|Win32
		{892E20A5-024A-4E78-93FE-B47EFA629310}.Debug|x86.Build.0 = Debug|Win32
		{892E20A5-024A-4E78-93FE-B47EFA629310}.Release|x64.ActiveCfg = Release|x64
		{892E20A5-024A-4E78-93FE-B47EFA629310}.Release|x64.Build.0 = Release|x64
		{892E20A5-024A-4E78-93FE-B47EFA629310}.Release|x86.ActiveCfg = Release|Win32
		{892E20A5-024A-4E78-93FE-B47EFA629310}.Release|x86.Build.0 = Release|Win32
		{6B2FF8D5-457D-4B67-81E6-8C99E4458033}.Debug|x64.ActiveCfg = Debug|x64
		{6B2FF8D5-457D-4B67-81E6-8C99E4458033}.Debug|x64.Build.0 = Debug|x64
		{6B2FF8D5-457D-4B67-81E6-8C99E4458033}.Debug|x86.ActiveCfg = Debug|Win32
		{6B2FF8D5-457D-4B67-81E6-8C99E4458033}.Debug|x86.Build.0 = Debug|Win32
		{6B2FF8D5-457D-4B67-81E6-8C99E4458033}.Release|x64.ActiveCfg = Release|x64
		{6B2FF8D5-457D-4B67-81E6-8C99E4458033}.Release|x64.Build.0 = Release|x64
		{6B2FF8D5-457D-4B67-81E6-8C99E4458033}.Release|x86.ActiveCfg = Release|Win32
		{6B2FF8D5-457D-4B67-81E6-8C99E4458033}.Release|x86.Build.0 = Release|Win32
		{648997FF-275E-4569-85DB-0A354080A454}.Debug|x64.ActiveCfg = Debug|x64
		{648997FF-275E-4569-85DB-0A354080A454}.Debug|x64.Build.0 = Debug|x64
		{648997FF-275E-4569-85DB-0A354080A454}.Debug|x86.ActiveCfg = Debug|Win32
		{648997FF-275E-4569-85DB-0A354080A454}.Debug|x86.Build.0 = Debug|Win32
		{648997FF-275E-4569-85DB-0A354080A454}.Release|x64.ActiveCfg = Release|x64
		{648997FF-275E-4569-85DB-0A354080A454}.Release|x64.Build.0 = Release|x64
		{648997FF-275E-4569-85DB-0A354080A454}.Release|x86.ActiveCfg = Release|Win32
		{648997FF-275E-4569-85DB-0A354080A454}.Release|x86.Build.0 = Release|Win32
		{39A5D1F9-1C92-4328-8EFB-C150F042D5E6}.Debug|x64.ActiveCfg = Debug|x64
		{39A5D1F9-1C92-4328-8EFB-C150F042D5E6}.Debug|x64.Build.0 = Debug|x64
		{39A5D1F9-1C92-4328-8EFB-C150F042D5E6}.Debug|x86.ActiveCfg = Debug|Win32
		{39A5D1F9-1C92-4328-8EFB-C150F042D5E6}.Debug|x86.Build.0 = Debug|Win32
		{39A5D1F9-1C92-4328-8EFB-C150F042D5E6}.Release|x64.ActiveCfg = Release|x64
		{39A5D1F9-1C92-4328-8EFB-C150F042D5E6}.Release|x64.Build.0 = Release|x64
		{39A5D1F9-1C92-4328-8EFB-C150F042D5E6}.Release|x86.ActiveCfg = Release|Win32
		{39A5D1F9-1C92-4328-8EFB-C150F042D5E6}.Release|x86.Build.0 = Release|Win32
		{9E938BB4-EB90-4CD3-A715-49B6E3DC4FAA}.Debug|x64.ActiveCfg = Debug|x64
		{9E938BB4-EB90-4CD3-A715-49B6E3DC4FAA}.Debug|x64.Build.0 = Debug|x64
		{9E938BB4-EB90-4CD3-A715-49B6E3DC4FAA}.Debug|x86.ActiveCfg = Debug|Win32
		{9E938BB4-EB90-4CD3-A715-49B6E3DC4FAA}.Debug|x86.Build.0 = Debug|Win32
		{9E938BB4-EB90-4CD3-A715-49B6E3DC4FAA}.Release|x64.ActiveCfg = Release|x64
		{9E938BB4-EB90-4CD3-A715-49B6E3DC4FAA}.Release|x64.Build.0 = Release|x64
		{9E938BB4-EB90-4CD3-A715-49B6E3DC4FAA}.Release|x86.ActiveCfg = Release|Win32
		{9E938BB4-EB90-4CD3-A715-49B6E3DC4FAA}.Release|x86.Build.0 = Release|Win32
		{856B3980-840B-44B3-919D-9339F9DEC29F}.Debug|x64.ActiveCfg = Debug|x64
		{856B3980-840B-44B3-919D-9339F9DEC29F}.Debug|x64.Build.0 = Debug|x64
		{856B3980-840B-44B3-919D-9339F9DEC29F}.Debug|x86.ActiveCfg = Debug|Win32
		{856B3980-840B-44B3-919D-9339F9DEC29F}.Debug|x86.Build.0 = Debug|Win32
		{856B3980-840B-44B3-919D-9339F9DEC29F}.Release|x64.ActiveCfg = Release|x64
		{856B3980-840B-44B3-919D-9339F9DEC29F}.Release|x64.Build.0 = Release|x64
		{856B3980-840B-44B3-919D-9339F9DEC29F}.Release|x86.ActiveCfg = Release|Win32
		{856B3980-840B-44B3-919D-9339F9DEC29F}.Release|x86.Build.0 = Release|Win32
		{8B942A37-BFFC-488F-A15B-6AD4D523797B}.Debug|x64.ActiveCfg = Debug|x64
		{8B942A37-BFFC-488F-A15B-6AD4D523797B}.Debug|x64.Build.0 = Debug|x64
		{8B942A37-BFFC-488F-A15B-6AD4D523797B}.Debug|x86.ActiveCfg = Debug|Win32
		{8B942A37-BFFC-488F-A15B-6AD4D523797B}.Debug|x86.Build.0 = Debug|Win32
		{8B942A37-BFFC-488F-A15B-6AD4D523797B}.Release|x64.ActiveCfg = Release|x64
		{8B942A37-BFFC-488F-A15B-6AD4D523797B}.Release|x64.Build.0 = Release|x64
		{8B942A37-BFFC-488F-A15B-6AD4D523797B}.Release|x86.ActiveCfg = Release|Win32
		{8B942A37-BFFC-488F-A15B-6AD4D523797B}.Release|x86.Build.0 = Release|Win32
		{5250B44C-7D43-4161-822F-CC2F0503B7F1}.Debug|x64.ActiveCfg = Debug|x64
		{5250B44C-7D43-4161-822F-CC2F0503B7F1}.Debug|x64.Build.0 = Debug|x64
		{5250B44C-7D43-4161-822F-CC2F0503B7F1}.Debug|x86.ActiveCfg = Debug|Win32
		{5250B44C-7D43-4161-822F-CC2F0503B7F1}.Debug|x86.Build.0 = Debug|Win32
		{5250B44C-7D43-4161-822F-CC2F0503B7F1}.Release|x64.ActiveCfg = Release|x64
		{5250B44C-7D43-4161-822F-CC2F0503B7F1}.Release|x64.Build.0 = Release|x64
		{5250B44C-7D43-4161-822F-CC2F0503B7F1}.Release|x86.ActiveCfg = Release|Win32
		{5250B44C-7D43-4161-822F-CC2F0503B7F1}.Release|x86.Build.0 = Release|Win32
		{81B55466-81CC-4C74-90EB-02A864088DD1}.Debug|x64.ActiveCfg = Debug|x64
		{81B55466-81CC-4C74-90EB-02A864088DD1}.Debug|x64.Build.0 = Debug|x64
		{81B55466-81CC-4C74-90EB-02A864088DD1}.Debug|x86.ActiveCfg = Debug|Win32
		{81B55466-81CC-4C74-90EB-02A864088DD1}.Debug|x86.Build.0 = Debug|Win32
		{81B55466-81CC-4C74-90EB-02A864088DD1}.Release|x64.ActiveCfg = Release|x64
		{81B55466-81CC-4C74-90EB-02A864088DD1}.Release|x64.Build.0 = Release|x64
		{81B55466-81CC-4C74-90EB-02A864088DD1}.Release|x86.ActiveCfg = Release|Win32
		{81B55466-81CC-4C74-90EB-02A864088DD1}.Release|x86.Build.0 = Release|Win32
		{C850CA8F-0828-4B57-AEAE-75008752FFA9}.Debug|x64.ActiveCfg = Debug|x64
		{C850CA8F-0828-4B57-AEAE-75008752FFA9}.Debug|x64.Build.0 = Debug|x64
		{C850CA8F-0828-4B57-AEAE-75008752FFA9}.Debug|x86.ActiveCfg = Debug|Win32
		{C850CA8F-0828-4B57-AEAE-75008752FFA9}.Debug|x86.Build.0 = Debug|Win32
		{C850CA8F-0828-4B57-AEAE-75008752FFA9}.Release|x64.ActiveCfg = Release|x64
		{C850CA8F-0828-4B57-AEAE-75008752FFA9}.Release|x64.Build.0 = Release|x64
		{C850CA8F-0828-4B57-AEAE-75008752FFA9}.Release|x86.ActiveCfg = Release|Win32
		{C850CA8F-0828-4B57-AEAE-75008752FFA9}.Release|x86.Build.0 = Release|Win32
		{3538F990-566D-4E52-A032-8A238992A7A5}.Debug|x64.ActiveCfg = Debug|x64
		{3538F990-566D-4E52-A032-8A238992A7A5}.Debug|x64.Build.0 = Debug|x64
		{3538F990-566D-4E52-A032-8A238992A7A5}.Debug|x86.ActiveCfg = Debug|Win32
		{3538F990-566D-4E52-A032-8A238992A7A5}.Debug|x86.Build.0 = Debug|Win32
		{3538F990-566D-4E52-A032-8A238992A7A5}.Release|x64.ActiveCfg = Release|x64
		{3538F990-566D-4E52-A032-8A238992A7A5}.Release|x64.Build.0 = Release|x64
		{3538F990-566D-4E52-A032-8A238992A7A5}.Release|x86.ActiveCfg = Release|Win32
		{3538F990-566D-4E52-A032-8A238992A7A5}.Release|x86.Build.0 = Release|Win32
		{A25F62ED-0F41-4D40-AD04-5D8774D09356}.Debug|x64.ActiveCfg = Debug|x64
		{A25F62ED-0F41-4D40-AD04-5D8774D09356}.Debug|x64.Build.0 = Debug|x64
		{A25F62ED-0F41-4D40-AD04-5D8774D09356}.Debug|x86.ActiveCfg = Debug|Win32
		{A25F62ED-0F41-4D40-AD04-5D8774D09356}.Debug|x86.Build.0 = Debug|Win32
		{A25F62ED-0F41-4D40-AD04-5D8774D09356}.Release|x64.ActiveCfg = Release|x64
		{A25F62ED-0F41-4D40-AD04-5D8774D09356}.Release|x64.Build.0 = Release|x64
		{A25F62ED-0F41-4D40-AD04-5D8774D09356}.Release|x86.ActiveCfg = Release|Win32
		{A25F62ED-0F41-4D40-AD04-5D8774D09356}.Release|x86.Build.0 = Release|Win32
	EndGlobalSection
	GlobalSection(SolutionProperties) = preSolution
		HideSolutionNode = FALSE
	EndGlobalSection
	GlobalSection(NestedProjects) = preSolution
		{16D4F5EE-1F05-4B68-AEE5-9FD93030458B} = {386E7CC4-B3BE-4BB0-965F-0C66E2478A6E}
		{892E20A5-024A-4E78-93FE-B47EFA629310} = {386E7CC4-B3BE-4BB0-965F-0C66E2478A6E}
		{6B2FF8D5-457D-4B67-81E6-8C99E4458033} = {386E7CC4-B3BE-4BB0-965F-0C66E2478A6E}
		{648997FF-275E-4569-85DB-0A354080A454} = {BF14CE10-422E-4308-A3F6-60C1CA6DE634}
		{39A5D1F9-1C92-4328-8EFB-C150F042D5E6} = {C98584A1-9083-433B-B4EB-ED5FDD4478B7}
		{9E938BB4-EB90-4CD3-A715-49B6E3DC4FAA} = {C98584A1-9083-433B-B4EB-ED5FDD4478B7}
		{856B3980-840B-44B3-919D-9339F9DEC29F} = {143181E1-3B2B-4100-A358-BE7290AF4540}
		{8B942A37-BFFC-488F-A15B-6AD4D523797B} = {143181E1-3B2B-4100-A358-BE7290AF4540}
		{5250B44C-7D43-4161-822F-CC2F0503B7F1} = {E868E49F-0B6E-4A83-B9AB-48582880A835}
		{81B55466-81CC-4C74-90EB-02A864088DD1} = {143181E1-3B2B-4100-A358-BE7290AF4540}
		{C850CA8F-0828-4B57-AEAE-75008752FFA9} = {8B525AAD-8423-4EC2-A431-CA460EB0A314}
		{3538F990-566D-4E52-A032-8A238992A7A5} = {1E153EA1-AFF1-4CA0-8296-FEB7533D2538}
		{A25F62ED-0F41-4D40-AD04-5D8774D09356} = {1E153EA1-AFF1-4CA0-8296-FEB7533D2538}
	EndGlobalSection
	GlobalSection(ExtensibilityGlobals) = postSolution
		SolutionGuid = {A211FE17-4D56-4153-912D-19130512CFDB}
	EndGlobalSection
EndGlobal
